{
  "version": 4,
  "terraform_version": "1.9.3",
  "serial": 224,
  "lineage": "f3c41950-2480-30f4-84eb-7d0b8bc34c80",
  "outputs": {
    "ec2_public_ip": {
      "value": "54.183.69.186",
      "type": "string"
    }
  },
  "resources": [
    {
      "mode": "data",
      "type": "aws_key_pair",
      "name": "key",
      "provider": "provider[\"registry.terraform.io/hashicorp/aws\"]",
      "instances": [
        {
          "schema_version": 0,
          "attributes": {
            "arn": "arn:aws:ec2:us-west-1:891377273003:key-pair/CariforniaKey",
            "create_time": "2024-04-27T17:57:18Z",
            "filter": null,
            "fingerprint": "73:e4:8b:c4:6b:bd:87:77:bd:ac:cb:db:98:58:99:b0:6c:66:93:da",
            "id": "key-0fd5a0eb7a530fa06",
            "include_public_key": false,
            "key_name": "CariforniaKey",
            "key_pair_id": "key-0fd5a0eb7a530fa06",
            "key_type": "rsa",
            "public_key": "",
            "tags": {},
            "timeouts": null
          },
          "sensitive_attributes": []
        }
      ]
    },
    {
      "mode": "managed",
      "type": "aws_instance",
      "name": "public_instance",
      "provider": "provider[\"registry.terraform.io/hashicorp/aws\"]",
      "instances": [
        {
          "schema_version": 1,
          "attributes": {
            "ami": "ami-0dd7273bbe2496246",
            "arn": "arn:aws:ec2:us-west-1:891377273003:instance/i-01b6cdaf7a7546141",
            "associate_public_ip_address": true,
            "availability_zone": "us-west-1a",
            "capacity_reservation_specification": [
              {
                "capacity_reservation_preference": "open",
                "capacity_reservation_target": []
              }
            ],
            "cpu_core_count": 1,
            "cpu_options": [
              {
                "amd_sev_snp": "",
                "core_count": 1,
                "threads_per_core": 1
              }
            ],
            "cpu_threads_per_core": 1,
            "credit_specification": [
              {
                "cpu_credits": "standard"
              }
            ],
            "disable_api_stop": false,
            "disable_api_termination": false,
            "ebs_block_device": [],
            "ebs_optimized": false,
            "enclave_options": [
              {
                "enabled": false
              }
            ],
            "ephemeral_block_device": [],
            "get_password_data": false,
            "hibernation": false,
            "host_id": "",
            "host_resource_group_arn": null,
            "iam_instance_profile": "",
            "id": "i-01b6cdaf7a7546141",
            "instance_initiated_shutdown_behavior": "stop",
            "instance_lifecycle": "",
            "instance_market_options": [],
            "instance_state": "running",
            "instance_type": "t2.micro",
            "ipv6_address_count": 0,
            "ipv6_addresses": [],
            "key_name": "CariforniaKey",
            "launch_template": [],
            "maintenance_options": [
              {
                "auto_recovery": "default"
              }
            ],
            "metadata_options": [
              {
                "http_endpoint": "enabled",
                "http_protocol_ipv6": "disabled",
                "http_put_response_hop_limit": 1,
                "http_tokens": "optional",
                "instance_metadata_tags": "disabled"
              }
            ],
            "monitoring": false,
            "network_interface": [],
            "outpost_arn": "",
            "password_data": "",
            "placement_group": "",
            "placement_partition_number": 0,
            "primary_network_interface_id": "eni-0e4ef2c682dfd03ff",
            "private_dns": "ip-10-10-0-90.us-west-1.compute.internal",
            "private_dns_name_options": [
              {
                "enable_resource_name_dns_a_record": false,
                "enable_resource_name_dns_aaaa_record": false,
                "hostname_type": "ip-name"
              }
            ],
            "private_ip": "10.10.0.90",
            "public_dns": "",
            "public_ip": "13.52.239.172",
            "root_block_device": [
              {
                "delete_on_termination": true,
                "device_name": "/dev/sda1",
                "encrypted": false,
                "iops": 450,
                "kms_key_id": "",
                "tags": {},
                "tags_all": {
                  "Cloud": "AWS",
                  "IAC": "Terraform",
                  "IAC_Version": "1.9.3",
                  "env": "california",
                  "owner": "Diego Rojas"
                },
                "throughput": 0,
                "volume_id": "vol-037a757049d011dd2",
                "volume_size": 150,
                "volume_type": "gp2"
              }
            ],
            "secondary_private_ips": [],
            "security_groups": [],
            "source_dest_check": true,
            "spot_instance_request_id": "",
            "subnet_id": "subnet-09c9c920ea1b015dd",
            "tags": {
              "Cloud": "AWS",
              "IAC": "Terraform",
              "IAC_Version": "1.9.3",
              "Name": "ec2-california",
              "env": "california",
              "owner": "Diego Rojas"
            },
            "tags_all": {
              "Cloud": "AWS",
              "IAC": "Terraform",
              "IAC_Version": "1.9.3",
              "Name": "ec2-california",
              "env": "california",
              "owner": "Diego Rojas"
            },
            "tenancy": "default",
            "timeouts": null,
            "user_data": "cb21f75ed5fd3586967e884360756104f615ff50",
            "user_data_base64": null,
            "user_data_replace_on_change": false,
            "volume_tags": null,
            "vpc_security_group_ids": [
              "sg-00765484fdb947470"
            ]
          },
          "sensitive_attributes": [],
          "private": "eyJlMmJmYjczMC1lY2FhLTExZTYtOGY4OC0zNDM2M2JjN2M0YzAiOnsiY3JlYXRlIjo2MDAwMDAwMDAwMDAsImRlbGV0ZSI6MTIwMDAwMDAwMDAwMCwicmVhZCI6OTAwMDAwMDAwMDAwLCJ1cGRhdGUiOjYwMDAwMDAwMDAwMH0sInNjaGVtYV92ZXJzaW9uIjoiMSJ9",
          "dependencies": [
            "aws_security_group.sg_public_instance",
            "aws_subnet.public_subnet",
            "aws_vpc.vpc_california",
            "data.aws_key_pair.key"
          ]
        }
      ]
    },
    {
      "mode": "managed",
      "type": "aws_internet_gateway",
      "name": "igw",
      "provider": "provider[\"registry.terraform.io/hashicorp/aws\"]",
      "instances": [
        {
          "schema_version": 0,
          "attributes": {
            "arn": "arn:aws:ec2:us-west-1:891377273003:internet-gateway/igw-0e3879e53a2ee1092",
            "id": "igw-0e3879e53a2ee1092",
            "owner_id": "891377273003",
            "tags": {
              "Name": "igw vpc california"
            },
            "tags_all": {
              "Cloud": "AWS",
              "IAC": "Terraform",
              "IAC_Version": "1.9.3",
              "Name": "igw vpc california",
              "env": "california",
              "owner": "Diego Rojas"
            },
            "timeouts": null,
            "vpc_id": "vpc-0e77064ae6e695041"
          },
          "sensitive_attributes": [],
          "private": "eyJlMmJmYjczMC1lY2FhLTExZTYtOGY4OC0zNDM2M2JjN2M0YzAiOnsiY3JlYXRlIjoxMjAwMDAwMDAwMDAwLCJkZWxldGUiOjEyMDAwMDAwMDAwMDAsInVwZGF0ZSI6MTIwMDAwMDAwMDAwMH19",
          "dependencies": [
            "aws_vpc.vpc_california"
          ]
        }
      ]
    },
    {
      "mode": "managed",
      "type": "aws_route_table",
      "name": "public_crt",
      "provider": "provider[\"registry.terraform.io/hashicorp/aws\"]",
      "instances": [
        {
          "schema_version": 0,
          "attributes": {
            "arn": "arn:aws:ec2:us-west-1:891377273003:route-table/rtb-085f6d699b53908ac",
            "id": "rtb-085f6d699b53908ac",
            "owner_id": "891377273003",
            "propagating_vgws": [],
            "route": [
              {
                "carrier_gateway_id": "",
                "cidr_block": "0.0.0.0/0",
                "core_network_arn": "",
                "destination_prefix_list_id": "",
                "egress_only_gateway_id": "",
                "gateway_id": "igw-0e3879e53a2ee1092",
                "ipv6_cidr_block": "",
                "local_gateway_id": "",
                "nat_gateway_id": "",
                "network_interface_id": "",
                "transit_gateway_id": "",
                "vpc_endpoint_id": "",
                "vpc_peering_connection_id": ""
              }
            ],
            "tags": {
              "Name": "public crt"
            },
            "tags_all": {
              "Cloud": "AWS",
              "IAC": "Terraform",
              "IAC_Version": "1.9.3",
              "Name": "public crt",
              "env": "california",
              "owner": "Diego Rojas"
            },
            "timeouts": null,
            "vpc_id": "vpc-0e77064ae6e695041"
          },
          "sensitive_attributes": [],
          "private": "eyJlMmJmYjczMC1lY2FhLTExZTYtOGY4OC0zNDM2M2JjN2M0YzAiOnsiY3JlYXRlIjozMDAwMDAwMDAwMDAsImRlbGV0ZSI6MzAwMDAwMDAwMDAwLCJ1cGRhdGUiOjEyMDAwMDAwMDAwMH19",
          "dependencies": [
            "aws_internet_gateway.igw",
            "aws_vpc.vpc_california"
          ]
        }
      ]
    },
    {
      "mode": "managed",
      "type": "aws_route_table_association",
      "name": "crta_public_subnet",
      "provider": "provider[\"registry.terraform.io/hashicorp/aws\"]",
      "instances": [
        {
          "schema_version": 0,
          "attributes": {
            "gateway_id": "",
            "id": "rtbassoc-0b233931b17353602",
            "route_table_id": "rtb-085f6d699b53908ac",
            "subnet_id": "subnet-09c9c920ea1b015dd",
            "timeouts": null
          },
          "sensitive_attributes": [],
          "private": "eyJlMmJmYjczMC1lY2FhLTExZTYtOGY4OC0zNDM2M2JjN2M0YzAiOnsiY3JlYXRlIjozMDAwMDAwMDAwMDAsImRlbGV0ZSI6MzAwMDAwMDAwMDAwLCJ1cGRhdGUiOjEyMDAwMDAwMDAwMH19",
          "dependencies": [
            "aws_internet_gateway.igw",
            "aws_route_table.public_crt",
            "aws_subnet.public_subnet",
            "aws_vpc.vpc_california"
          ]
        }
      ]
    },
    {
      "mode": "managed",
      "type": "aws_security_group",
      "name": "sg_public_instance",
      "provider": "provider[\"registry.terraform.io/hashicorp/aws\"]",
      "instances": [
        {
          "schema_version": 1,
          "attributes": {
            "arn": "arn:aws:ec2:us-west-1:891377273003:security-group/sg-00765484fdb947470",
            "description": "Allow SSH inbound and ALL egress traffic",
            "egress": [
              {
                "cidr_blocks": [
                  "0.0.0.0/0"
                ],
                "description": "SSH over Internet",
                "from_port": 0,
                "ipv6_cidr_blocks": [],
                "prefix_list_ids": [],
                "protocol": "-1",
                "security_groups": [],
                "self": false,
                "to_port": 0
              }
            ],
            "id": "sg-00765484fdb947470",
            "ingress": [
              {
                "cidr_blocks": [
                  "0.0.0.0/0"
                ],
                "description": "SSH over Internet",
                "from_port": 3389,
                "ipv6_cidr_blocks": [],
                "prefix_list_ids": [],
                "protocol": "tcp",
                "security_groups": [],
                "self": false,
                "to_port": 3389
              }
            ],
            "name": "Public instance SG",
            "name_prefix": "",
            "owner_id": "891377273003",
            "revoke_rules_on_delete": false,
            "tags": {
              "Name": "Public Instance SG"
            },
            "tags_all": {
              "Cloud": "AWS",
              "IAC": "Terraform",
              "IAC_Version": "1.9.3",
              "Name": "Public Instance SG",
              "env": "california",
              "owner": "Diego Rojas"
            },
            "timeouts": null,
            "vpc_id": "vpc-0e77064ae6e695041"
          },
          "sensitive_attributes": [],
          "private": "eyJlMmJmYjczMC1lY2FhLTExZTYtOGY4OC0zNDM2M2JjN2M0YzAiOnsiY3JlYXRlIjo2MDAwMDAwMDAwMDAsImRlbGV0ZSI6OTAwMDAwMDAwMDAwfSwic2NoZW1hX3ZlcnNpb24iOiIxIn0=",
          "dependencies": [
            "aws_vpc.vpc_california"
          ]
        }
      ]
    },
    {
      "mode": "managed",
      "type": "aws_subnet",
      "name": "private_subnet",
      "provider": "provider[\"registry.terraform.io/hashicorp/aws\"]",
      "instances": [
        {
          "schema_version": 1,
          "attributes": {
            "arn": "arn:aws:ec2:us-west-1:891377273003:subnet/subnet-0db74dff59e8c0768",
            "assign_ipv6_address_on_creation": false,
            "availability_zone": "us-west-1a",
            "availability_zone_id": "usw1-az3",
            "cidr_block": "10.10.1.0/24",
            "customer_owned_ipv4_pool": "",
            "enable_dns64": false,
            "enable_lni_at_device_index": 0,
            "enable_resource_name_dns_a_record_on_launch": false,
            "enable_resource_name_dns_aaaa_record_on_launch": false,
            "id": "subnet-0db74dff59e8c0768",
            "ipv6_cidr_block": "",
            "ipv6_cidr_block_association_id": "",
            "ipv6_native": false,
            "map_customer_owned_ip_on_launch": false,
            "map_public_ip_on_launch": false,
            "outpost_arn": "",
            "owner_id": "891377273003",
            "private_dns_hostname_type_on_launch": "ip-name",
            "tags": {
              "Name": "private_subnet"
            },
            "tags_all": {
              "Cloud": "AWS",
              "IAC": "Terraform",
              "IAC_Version": "1.9.3",
              "Name": "private_subnet",
              "env": "california",
              "owner": "Diego Rojas"
            },
            "timeouts": null,
            "vpc_id": "vpc-0e77064ae6e695041"
          },
          "sensitive_attributes": [],
          "private": "eyJlMmJmYjczMC1lY2FhLTExZTYtOGY4OC0zNDM2M2JjN2M0YzAiOnsiY3JlYXRlIjo2MDAwMDAwMDAwMDAsImRlbGV0ZSI6MTIwMDAwMDAwMDAwMH0sInNjaGVtYV92ZXJzaW9uIjoiMSJ9",
          "dependencies": [
            "aws_subnet.public_subnet",
            "aws_vpc.vpc_california"
          ]
        }
      ]
    },
    {
      "mode": "managed",
      "type": "aws_subnet",
      "name": "public_subnet",
      "provider": "provider[\"registry.terraform.io/hashicorp/aws\"]",
      "instances": [
        {
          "schema_version": 1,
          "attributes": {
            "arn": "arn:aws:ec2:us-west-1:891377273003:subnet/subnet-09c9c920ea1b015dd",
            "assign_ipv6_address_on_creation": false,
            "availability_zone": "us-west-1a",
            "availability_zone_id": "usw1-az3",
            "cidr_block": "10.10.0.0/24",
            "customer_owned_ipv4_pool": "",
            "enable_dns64": false,
            "enable_lni_at_device_index": 0,
            "enable_resource_name_dns_a_record_on_launch": false,
            "enable_resource_name_dns_aaaa_record_on_launch": false,
            "id": "subnet-09c9c920ea1b015dd",
            "ipv6_cidr_block": "",
            "ipv6_cidr_block_association_id": "",
            "ipv6_native": false,
            "map_customer_owned_ip_on_launch": false,
            "map_public_ip_on_launch": true,
            "outpost_arn": "",
            "owner_id": "891377273003",
            "private_dns_hostname_type_on_launch": "ip-name",
            "tags": {
              "Name": "public_subnet"
            },
            "tags_all": {
              "Cloud": "AWS",
              "IAC": "Terraform",
              "IAC_Version": "1.9.3",
              "Name": "public_subnet",
              "env": "california",
              "owner": "Diego Rojas"
            },
            "timeouts": null,
            "vpc_id": "vpc-0e77064ae6e695041"
          },
          "sensitive_attributes": [],
          "private": "eyJlMmJmYjczMC1lY2FhLTExZTYtOGY4OC0zNDM2M2JjN2M0YzAiOnsiY3JlYXRlIjo2MDAwMDAwMDAwMDAsImRlbGV0ZSI6MTIwMDAwMDAwMDAwMH0sInNjaGVtYV92ZXJzaW9uIjoiMSJ9",
          "dependencies": [
            "aws_vpc.vpc_california"
          ]
        }
      ]
    },
    {
      "mode": "managed",
      "type": "aws_vpc",
      "name": "mainvpc",
      "provider": "provider[\"registry.terraform.io/hashicorp/aws\"]",
      "instances": [
        {
          "schema_version": 1,
          "attributes": {
            "arn": "arn:aws:ec2:us-west-1:891377273003:vpc/vpc-0e74e214676af9f72",
            "assign_generated_ipv6_cidr_block": false,
            "cidr_block": "10.1.0.0/16",
            "default_network_acl_id": "acl-02a256dce027effb1",
            "default_route_table_id": "rtb-0edba2288a27c3974",
            "default_security_group_id": "sg-0c36b23a93b07232e",
            "dhcp_options_id": "dopt-021bf6e85847d053d",
            "enable_dns_hostnames": false,
            "enable_dns_support": true,
            "enable_network_address_usage_metrics": false,
            "id": "vpc-0e74e214676af9f72",
            "instance_tenancy": "default",
            "ipv4_ipam_pool_id": null,
            "ipv4_netmask_length": null,
            "ipv6_association_id": "",
            "ipv6_cidr_block": "",
            "ipv6_cidr_block_network_border_group": "",
            "ipv6_ipam_pool_id": "",
            "ipv6_netmask_length": 0,
            "main_route_table_id": "rtb-0edba2288a27c3974",
            "owner_id": "891377273003",
            "tags": {},
            "tags_all": {
              "Cloud": "AWS",
              "IAC": "Terraform",
              "IAC_Version": "1.9.3",
              "env": "california",
              "owner": "Diego Rojas"
            }
          },
          "sensitive_attributes": [],
          "private": "eyJzY2hlbWFfdmVyc2lvbiI6IjEifQ=="
        }
      ]
    },
    {
      "mode": "managed",
      "type": "aws_vpc",
      "name": "vpc_california",
      "provider": "provider[\"registry.terraform.io/hashicorp/aws\"]",
      "instances": [
        {
          "schema_version": 1,
          "attributes": {
            "arn": "arn:aws:ec2:us-west-1:891377273003:vpc/vpc-0e77064ae6e695041",
            "assign_generated_ipv6_cidr_block": false,
            "cidr_block": "10.10.0.0/16",
            "default_network_acl_id": "acl-012f2800dda580947",
            "default_route_table_id": "rtb-03b1c152c5678e898",
            "default_security_group_id": "sg-0ea5db073f54812c9",
            "dhcp_options_id": "dopt-021bf6e85847d053d",
            "enable_dns_hostnames": false,
            "enable_dns_support": true,
            "enable_network_address_usage_metrics": false,
            "id": "vpc-0e77064ae6e695041",
            "instance_tenancy": "default",
            "ipv4_ipam_pool_id": null,
            "ipv4_netmask_length": null,
            "ipv6_association_id": "",
            "ipv6_cidr_block": "",
            "ipv6_cidr_block_network_border_group": "",
            "ipv6_ipam_pool_id": "",
            "ipv6_netmask_length": 0,
            "main_route_table_id": "rtb-03b1c152c5678e898",
            "owner_id": "891377273003",
            "tags": {
              "Name": "vpc_california"
            },
            "tags_all": {
              "Cloud": "AWS",
              "IAC": "Terraform",
              "IAC_Version": "1.9.3",
              "Name": "vpc_california",
              "env": "california",
              "owner": "Diego Rojas"
            }
          },
          "sensitive_attributes": [],
          "private": "eyJzY2hlbWFfdmVyc2lvbiI6IjEifQ=="
        }
      ]
    }
  ],
  "check_results": null
}
